
Microsoft Visual Studio Solution File, Format Version 12.00
# Visual Studio 15
VisualStudioVersion = 15.0.28307.572
MinimumVisualStudioVersion = 10.0.40219.1
Project("{9A19103F-16F7-4668-BE54-9A1E7A4F7556}") = "IntellUser", "IntellUser\IntellUser.csproj", "{64DEDC57-1B87-4135-9D14-3C1A0096B2A0}"
EndProject
Project("{9A19103F-16F7-4668-BE54-9A1E7A4F7556}") = "Dtol", "Dtol\Dtol.csproj", "{96A337ED-76D6-49F9-9A08-C1843F33BD5E}"
EndProject
Project("{9A19103F-16F7-4668-BE54-9A1E7A4F7556}") = "ViewModel", "ViewModel\ViewModel.csproj", "{3E6955D4-4F05-47AC-BB9F-3375AA11F343}"
EndProject
Project("{9A19103F-16F7-4668-BE54-9A1E7A4F7556}") = "Dto.IRepository", "Dto.IRepository\Dto.IRepository.csproj", "{0CF076BC-CAA9-498F-A4BF-0B5F2AB5EFD2}"
EndProject
Project("{9A19103F-16F7-4668-BE54-9A1E7A4F7556}") = "Dto.Repository", "Dto.Repository\Dto.Repository.csproj", "{19EB4543-9F75-456A-A070-8DD8D46185BF}"
EndProject
Project("{9A19103F-16F7-4668-BE54-9A1E7A4F7556}") = "Dto.IService", "Dto.IService\Dto.IService.csproj", "{847F485D-248B-4EDD-B89A-CD3F65375A99}"
EndProject
Project("{9A19103F-16F7-4668-BE54-9A1E7A4F7556}") = "Dto.Service", "Service\Dto.Service.csproj", "{4B93AA0C-53D3-44B8-9C45-AF131614CDCF}"
EndProject
Project("{9A19103F-16F7-4668-BE54-9A1E7A4F7556}") = "SystemFilter", "SystemFilter\SystemFilter.csproj", "{11D5BE70-DF3B-4535-94ED-1BEE2325F874}"
EndProject
Project("{9A19103F-16F7-4668-BE54-9A1E7A4F7556}") = "IntellRegularBus", "IntellRegularBus\IntellRegularBus.csproj", "{A7C380B6-E173-4F00-A38E-55672E494DB6}"
EndProject
Project("{9A19103F-16F7-4668-BE54-9A1E7A4F7556}") = "IntellRepair", "IntellRepair\IntellRepair.csproj", "{6F9F895A-4F3E-4EE3-987B-4DFE1F757CC4}"
EndProject
Project("{9A19103F-16F7-4668-BE54-9A1E7A4F7556}") = "IntellFood", "IntellFood\IntellFood.csproj", "{416EB972-89A1-453C-8FD8-579A17B648BF}"
EndProject
Project("{9A19103F-16F7-4668-BE54-9A1E7A4F7556}") = "IntellWeChat", "IntellWeChat\IntellWeChat.csproj", "{89035A8B-0E6E-4BAE-9D9B-0AE6DFFB8770}"
EndProject
Project("{9A19103F-16F7-4668-BE54-9A1E7A4F7556}") = "IntellSuggest", "IntellSuggest\IntellSuggest.csproj", "{134493F7-ED51-4436-B538-8030189324A9}"
EndProject
Project("{FAE04EC0-301F-11D3-BF4B-00C04F79EFBC}") = "AuthentValitor", "AuthentValitor\AuthentValitor.csproj", "{69AFB666-4D32-43D2-9462-D8AFCF1778A9}"
EndProject
Global
	GlobalSection(SolutionConfigurationPlatforms) = preSolution
		Debug|Any CPU = Debug|Any CPU
		Release|Any CPU = Release|Any CPU
	EndGlobalSection
	GlobalSection(ProjectConfigurationPlatforms) = postSolution
		{64DEDC57-1B87-4135-9D14-3C1A0096B2A0}.Debug|Any CPU.ActiveCfg = Debug|Any CPU
		{64DEDC57-1B87-4135-9D14-3C1A0096B2A0}.Debug|Any CPU.Build.0 = Debug|Any CPU
		{64DEDC57-1B87-4135-9D14-3C1A0096B2A0}.Release|Any CPU.ActiveCfg = Release|Any CPU
		{64DEDC57-1B87-4135-9D14-3C1A0096B2A0}.Release|Any CPU.Build.0 = Release|Any CPU
		{96A337ED-76D6-49F9-9A08-C1843F33BD5E}.Debug|Any CPU.ActiveCfg = Debug|Any CPU
		{96A337ED-76D6-49F9-9A08-C1843F33BD5E}.Debug|Any CPU.Build.0 = Debug|Any CPU
		{96A337ED-76D6-49F9-9A08-C1843F33BD5E}.Release|Any CPU.ActiveCfg = Release|Any CPU
		{96A337ED-76D6-49F9-9A08-C1843F33BD5E}.Release|Any CPU.Build.0 = Release|Any CPU
		{3E6955D4-4F05-47AC-BB9F-3375AA11F343}.Debug|Any CPU.ActiveCfg = Debug|Any CPU
		{3E6955D4-4F05-47AC-BB9F-3375AA11F343}.Debug|Any CPU.Build.0 = Debug|Any CPU
		{3E6955D4-4F05-47AC-BB9F-3375AA11F343}.Release|Any CPU.ActiveCfg = Release|Any CPU
		{3E6955D4-4F05-47AC-BB9F-3375AA11F343}.Release|Any CPU.Build.0 = Release|Any CPU
		{0CF076BC-CAA9-498F-A4BF-0B5F2AB5EFD2}.Debug|Any CPU.ActiveCfg = Debug|Any CPU
		{0CF076BC-CAA9-498F-A4BF-0B5F2AB5EFD2}.Debug|Any CPU.Build.0 = Debug|Any CPU
		{0CF076BC-CAA9-498F-A4BF-0B5F2AB5EFD2}.Release|Any CPU.ActiveCfg = Release|Any CPU
		{0CF076BC-CAA9-498F-A4BF-0B5F2AB5EFD2}.Release|Any CPU.Build.0 = Release|Any CPU
		{19EB4543-9F75-456A-A070-8DD8D46185BF}.Debug|Any CPU.ActiveCfg = Debug|Any CPU
		{19EB4543-9F75-456A-A070-8DD8D46185BF}.Debug|Any CPU.Build.0 = Debug|Any CPU
		{19EB4543-9F75-456A-A070-8DD8D46185BF}.Release|Any CPU.ActiveCfg = Release|Any CPU
		{19EB4543-9F75-456A-A070-8DD8D46185BF}.Release|Any CPU.Build.0 = Release|Any CPU
		{847F485D-248B-4EDD-B89A-CD3F65375A99}.Debug|Any CPU.ActiveCfg = Debug|Any CPU
		{847F485D-248B-4EDD-B89A-CD3F65375A99}.Debug|Any CPU.Build.0 = Debug|Any CPU
		{847F485D-248B-4EDD-B89A-CD3F65375A99}.Release|Any CPU.ActiveCfg = Release|Any CPU
		{847F485D-248B-4EDD-B89A-CD3F65375A99}.Release|Any CPU.Build.0 = Release|Any CPU
		{4B93AA0C-53D3-44B8-9C45-AF131614CDCF}.Debug|Any CPU.ActiveCfg = Debug|Any CPU
		{4B93AA0C-53D3-44B8-9C45-AF131614CDCF}.Debug|Any CPU.Build.0 = Debug|Any CPU
		{4B93AA0C-53D3-44B8-9C45-AF131614CDCF}.Release|Any CPU.ActiveCfg = Release|Any CPU
		{4B93AA0C-53D3-44B8-9C45-AF131614CDCF}.Release|Any CPU.Build.0 = Release|Any CPU
		{11D5BE70-DF3B-4535-94ED-1BEE2325F874}.Debug|Any CPU.ActiveCfg = Debug|Any CPU
		{11D5BE70-DF3B-4535-94ED-1BEE2325F874}.Debug|Any CPU.Build.0 = Debug|Any CPU
		{11D5BE70-DF3B-4535-94ED-1BEE2325F874}.Release|Any CPU.ActiveCfg = Release|Any CPU
		{11D5BE70-DF3B-4535-94ED-1BEE2325F874}.Release|Any CPU.Build.0 = Release|Any CPU
		{A7C380B6-E173-4F00-A38E-55672E494DB6}.Debug|Any CPU.ActiveCfg = Debug|Any CPU
		{A7C380B6-E173-4F00-A38E-55672E494DB6}.Debug|Any CPU.Build.0 = Debug|Any CPU
		{A7C380B6-E173-4F00-A38E-55672E494DB6}.Release|Any CPU.ActiveCfg = Release|Any CPU
		{A7C380B6-E173-4F00-A38E-55672E494DB6}.Release|Any CPU.Build.0 = Release|Any CPU
		{6F9F895A-4F3E-4EE3-987B-4DFE1F757CC4}.Debug|Any CPU.ActiveCfg = Debug|Any CPU
		{6F9F895A-4F3E-4EE3-987B-4DFE1F757CC4}.Debug|Any CPU.Build.0 = Debug|Any CPU
		{6F9F895A-4F3E-4EE3-987B-4DFE1F757CC4}.Release|Any CPU.ActiveCfg = Release|Any CPU
		{6F9F895A-4F3E-4EE3-987B-4DFE1F757CC4}.Release|Any CPU.Build.0 = Release|Any CPU
		{416EB972-89A1-453C-8FD8-579A17B648BF}.Debug|Any CPU.ActiveCfg = Debug|Any CPU
		{416EB972-89A1-453C-8FD8-579A17B648BF}.Debug|Any CPU.Build.0 = Debug|Any CPU
		{416EB972-89A1-453C-8FD8-579A17B648BF}.Release|Any CPU.ActiveCfg = Release|Any CPU
		{416EB972-89A1-453C-8FD8-579A17B648BF}.Release|Any CPU.Build.0 = Release|Any CPU
		{89035A8B-0E6E-4BAE-9D9B-0AE6DFFB8770}.Debug|Any CPU.ActiveCfg = Debug|Any CPU
		{89035A8B-0E6E-4BAE-9D9B-0AE6DFFB8770}.Debug|Any CPU.Build.0 = Debug|Any CPU
		{89035A8B-0E6E-4BAE-9D9B-0AE6DFFB8770}.Release|Any CPU.ActiveCfg = Release|Any CPU
		{89035A8B-0E6E-4BAE-9D9B-0AE6DFFB8770}.Release|Any CPU.Build.0 = Release|Any CPU
		{134493F7-ED51-4436-B538-8030189324A9}.Debug|Any CPU.ActiveCfg = Debug|Any CPU
		{134493F7-ED51-4436-B538-8030189324A9}.Debug|Any CPU.Build.0 = Debug|Any CPU
		{134493F7-ED51-4436-B538-8030189324A9}.Release|Any CPU.ActiveCfg = Release|Any CPU
		{134493F7-ED51-4436-B538-8030189324A9}.Release|Any CPU.Build.0 = Release|Any CPU
		{69AFB666-4D32-43D2-9462-D8AFCF1778A9}.Debug|Any CPU.ActiveCfg = Debug|Any CPU
		{69AFB666-4D32-43D2-9462-D8AFCF1778A9}.Debug|Any CPU.Build.0 = Debug|Any CPU
		{69AFB666-4D32-43D2-9462-D8AFCF1778A9}.Release|Any CPU.ActiveCfg = Release|Any CPU
		{69AFB666-4D32-43D2-9462-D8AFCF1778A9}.Release|Any CPU.Build.0 = Release|Any CPU
	EndGlobalSection
	GlobalSection(SolutionProperties) = preSolution
		HideSolutionNode = FALSE
	EndGlobalSection
	GlobalSection(ExtensibilityGlobals) = postSolution
		SolutionGuid = {7F4DF16B-4DF9-4787-8A23-A904DC114498}
	EndGlobalSection
EndGlobal
